
Microsoft Visual Studio Solution File, Format Version 12.00
# Visual Studio Version 17
VisualStudioVersion = 17.8.34525.116
MinimumVisualStudioVersion = 10.0.40219.1
Project("{FAE04EC0-301F-11D3-BF4B-00C04F79EFBC}") = "Practica2", "Practica2.csproj", "{38117BB7-93C8-45C7-81A7-983D6E10BECB}"
EndProject
Global
	GlobalSection(SolutionConfigurationPlatforms) = preSolution
		Debug|Any CPU = Debug|Any CPU
		Release|Any CPU = Release|Any CPU
	EndGlobalSection
	GlobalSection(ProjectConfigurationPlatforms) = postSolution
		{38117BB7-93C8-45C7-81A7-983D6E10BECB}.Debug|Any CPU.ActiveCfg = Debug|Any CPU
		{38117BB7-93C8-45C7-81A7-983D6E10BECB}.Debug|Any CPU.Build.0 = Debug|Any CPU
		{38117BB7-93C8-45C7-81A7-983D6E10BECB}.Release|Any CPU.ActiveCfg = Release|Any CPU
		{38117BB7-93C8-45C7-81A7-983D6E10BECB}.Release|Any CPU.Build.0 = Release|Any CPU
	EndGlobalSection
	GlobalSection(SolutionProperties) = preSolution
		HideSolutionNode = FALSE
	EndGlobalSection
	GlobalSection(ExtensibilityGlobals) = postSolution
		SolutionGuid = {EC1D59D0-0D3F-4798-9AA5-28CE81BA064B}
	EndGlobalSection
EndGlobal
